
Microsoft Visual Studio Solution File, Format Version 12.00
# Visual Studio Version 17
VisualStudioVersion = 17.4.33205.214
MinimumVisualStudioVersion = 10.0.40219.1
Project("{9A19103F-16F7-4668-BE54-9A1E7A4F7556}") = "WebApplication1", "WebApplication1\WebApplication1.csproj", "{271F886F-728F-46FF-AD64-6F493C58774C}"
EndProject
Project("{9A19103F-16F7-4668-BE54-9A1E7A4F7556}") = "WebApplication1.Test", "WebApplication1.Test\WebApplication1.Test.csproj", "{92458443-6E12-49DE-9D6A-D6E8302E1018}"
EndProject
Global
	GlobalSection(SolutionConfigurationPlatforms) = preSolution
		Debug|Any CPU = Debug|Any CPU
		Release|Any CPU = Release|Any CPU
	EndGlobalSection
	GlobalSection(ProjectConfigurationPlatforms) = postSolution
		{271F886F-728F-46FF-AD64-6F493C58774C}.Debug|Any CPU.ActiveCfg = Debug|Any CPU
		{271F886F-728F-46FF-AD64-6F493C58774C}.Debug|Any CPU.Build.0 = Debug|Any CPU
		{271F886F-728F-46FF-AD64-6F493C58774C}.Release|Any CPU.ActiveCfg = Release|Any CPU
		{271F886F-728F-46FF-AD64-6F493C58774C}.Release|Any CPU.Build.0 = Release|Any CPU
		{92458443-6E12-49DE-9D6A-D6E8302E1018}.Debug|Any CPU.ActiveCfg = Debug|Any CPU
		{92458443-6E12-49DE-9D6A-D6E8302E1018}.Debug|Any CPU.Build.0 = Debug|Any CPU
		{92458443-6E12-49DE-9D6A-D6E8302E1018}.Release|Any CPU.ActiveCfg = Release|Any CPU
		{92458443-6E12-49DE-9D6A-D6E8302E1018}.Release|Any CPU.Build.0 = Release|Any CPU
	EndGlobalSection
	GlobalSection(SolutionProperties) = preSolution
		HideSolutionNode = FALSE
	EndGlobalSection
	GlobalSection(ExtensibilityGlobals) = postSolution
		SolutionGuid = {A5AEE40B-C995-4DC3-A643-916C82E0138F}
	EndGlobalSection
EndGlobal
